
Microsoft Visual Studio Solution File, Format Version 12.00
# Visual Studio Version 16
VisualStudioVersion = 16.0.31702.278
MinimumVisualStudioVersion = 10.0.40219.1
Project("{8BC9CEB8-8B4A-11D0-8D11-00A0C91BC942}") = "asio", "asio\asio.vcxproj", "{F44D9167-37A9-4BAF-8291-94CEE5F73AF1}"
EndProject
Global
	GlobalSection(SolutionConfigurationPlatforms) = preSolution
		Debug|x64 = Debug|x64
		Release|x64 = Release|x64
	EndGlobalSection
	GlobalSection(ProjectConfigurationPlatforms) = postSolution
		{F44D9167-37A9-4BAF-8291-94CEE5F73AF1}.Debug|x64.ActiveCfg = Debug|x64
		{F44D9167-37A9-4BAF-8291-94CEE5F73AF1}.Debug|x64.Build.0 = Debug|x64
		{F44D9167-37A9-4BAF-8291-94CEE5F73AF1}.Release|x64.ActiveCfg = Release|x64
		{F44D9167-37A9-4BAF-8291-94CEE5F73AF1}.Release|x64.Build.0 = Release|x64
	EndGlobalSection
	GlobalSection(SolutionProperties) = preSolution
		HideSolutionNode = FALSE
	EndGlobalSection
	GlobalSection(ExtensibilityGlobals) = postSolution
		SolutionGuid = {E0A2854E-9AAE-47F0-B2AE-B0705E7932BB}
	EndGlobalSection
EndGlobal
